
Microsoft Visual Studio Solution File, Format Version 12.00
# Visual Studio Version 16
VisualStudioVersion = 16.0.29318.209
MinimumVisualStudioVersion = 10.0.40219.1
Project("{FAE04EC0-301F-11D3-BF4B-00C04F79EFBC}") = "CardGame", "CardGame\CardGame.csproj", "{0C96021C-72DC-4E33-982C-BDCC791EC5B0}"
EndProject
Project("{FAE04EC0-301F-11D3-BF4B-00C04F79EFBC}") = "CardGameTests", "CardGameTests\CardGameTests.csproj", "{F68B50C5-9CFC-406D-9C34-9A36E2FA3E4B}"
EndProject
Global
	GlobalSection(SolutionConfigurationPlatforms) = preSolution
		Debug|Any CPU = Debug|Any CPU
		Release|Any CPU = Release|Any CPU
	EndGlobalSection
	GlobalSection(ProjectConfigurationPlatforms) = postSolution
		{0C96021C-72DC-4E33-982C-BDCC791EC5B0}.Debug|Any CPU.ActiveCfg = Debug|Any CPU
		{0C96021C-72DC-4E33-982C-BDCC791EC5B0}.Debug|Any CPU.Build.0 = Debug|Any CPU
		{0C96021C-72DC-4E33-982C-BDCC791EC5B0}.Release|Any CPU.ActiveCfg = Release|Any CPU
		{0C96021C-72DC-4E33-982C-BDCC791EC5B0}.Release|Any CPU.Build.0 = Release|Any CPU
		{F68B50C5-9CFC-406D-9C34-9A36E2FA3E4B}.Debug|Any CPU.ActiveCfg = Debug|Any CPU
		{F68B50C5-9CFC-406D-9C34-9A36E2FA3E4B}.Debug|Any CPU.Build.0 = Debug|Any CPU
		{F68B50C5-9CFC-406D-9C34-9A36E2FA3E4B}.Release|Any CPU.ActiveCfg = Release|Any CPU
		{F68B50C5-9CFC-406D-9C34-9A36E2FA3E4B}.Release|Any CPU.Build.0 = Release|Any CPU
	EndGlobalSection
	GlobalSection(SolutionProperties) = preSolution
		HideSolutionNode = FALSE
	EndGlobalSection
	GlobalSection(ExtensibilityGlobals) = postSolution
		SolutionGuid = {F3F0AF65-43BF-476B-BE6C-16ADE2307B50}
	EndGlobalSection
EndGlobal
